
Microsoft Visual Studio Solution File, Format Version 12.00
# Visual Studio Version 16
VisualStudioVersion = 16.0.31515.178
MinimumVisualStudioVersion = 10.0.40219.1
Project("{FAE04EC0-301F-11D3-BF4B-00C04F79EFBC}") = "skills_international_project", "skills_international_project.csproj", "{5ED2B7D6-DD13-4168-B58C-2F86F038CA71}"
EndProject
Global
	GlobalSection(SolutionConfigurationPlatforms) = preSolution
		Debug|Any CPU = Debug|Any CPU
		Release|Any CPU = Release|Any CPU
	EndGlobalSection
	GlobalSection(ProjectConfigurationPlatforms) = postSolution
		{5ED2B7D6-DD13-4168-B58C-2F86F038CA71}.Debug|Any CPU.ActiveCfg = Debug|Any CPU
		{5ED2B7D6-DD13-4168-B58C-2F86F038CA71}.Debug|Any CPU.Build.0 = Debug|Any CPU
		{5ED2B7D6-DD13-4168-B58C-2F86F038CA71}.Release|Any CPU.ActiveCfg = Release|Any CPU
		{5ED2B7D6-DD13-4168-B58C-2F86F038CA71}.Release|Any CPU.Build.0 = Release|Any CPU
	EndGlobalSection
	GlobalSection(SolutionProperties) = preSolution
		HideSolutionNode = FALSE
	EndGlobalSection
	GlobalSection(ExtensibilityGlobals) = postSolution
		SolutionGuid = {C953D4FB-0E59-4C83-958B-9B297FAE7162}
	EndGlobalSection
EndGlobal
